ansible-core==2.19.4 --hash=sha256:f218e2e8ce4cc95216c48c73badd9789f1dd6ea47e15667213491fb79589316c
Jinja2==3.1.6 --hash=sha256:85ece4451f492d0c13c5dd7c13a64681a86afae63a5f347908daf103ce6d2f67
PyYAML==6.0.2 --hash=sha256:5d225db5a45f21e78dd9358e58a98702a0302f2659a3c6cd320564b75b86f47c
cryptography==46.0.3 --hash=sha256:09859af8466b69bc3c27bdf4f5d84a665e0f7ab5088412e9e2ec49758eca5cbc
packaging==25.0 --hash=sha256:29572ef2b1f17581046b3a2227d5c611fb25ec70ca1ba8554b24b0e69331a484
resolvelib==1.2.1 --hash=sha256:fb06b66c8da04172d9e72a21d7d06186d8919e32ae5ab5cdf5b9d920be805ac2
MarkupSafe==3.0.2 --hash=sha256:2cb8438c3cbb25e220c2ab33bb226559e7afb3baec11c4f218ffa7308603c832
cffi==2.0.0 --hash=sha256:730cacb21e1bdff3ce90babf007d0a0917cc3e6492f336c2f0134101e0944f93
pycparser==2.22 --hash=sha256:c3702b6d3dd8c7abc1afa565d7e63d53a1d0bd86cdc24edd75470f4de499cfcc
